
Microsoft Visual Studio Solution File, Format Version 12.00
# Visual Studio Version 17
VisualStudioVersion = 17.7.34031.279
MinimumVisualStudioVersion = 10.0.40219.1
Project("{FAE04EC0-301F-11D3-BF4B-00C04F79EFBC}") = "Новодний кликер", "Новодний кликер\Новодний кликер.csproj", "{884E8F60-47EA-4B8D-9D94-6D2B829EC3C1}"
EndProject
Global
	GlobalSection(SolutionConfigurationPlatforms) = preSolution
		Debug|Any CPU = Debug|Any CPU
		Release|Any CPU = Release|Any CPU
	EndGlobalSection
	GlobalSection(ProjectConfigurationPlatforms) = postSolution
		{884E8F60-47EA-4B8D-9D94-6D2B829EC3C1}.Debug|Any CPU.ActiveCfg = Debug|Any CPU
		{884E8F60-47EA-4B8D-9D94-6D2B829EC3C1}.Debug|Any CPU.Build.0 = Debug|Any CPU
		{884E8F60-47EA-4B8D-9D94-6D2B829EC3C1}.Release|Any CPU.ActiveCfg = Release|Any CPU
		{884E8F60-47EA-4B8D-9D94-6D2B829EC3C1}.Release|Any CPU.Build.0 = Release|Any CPU
	EndGlobalSection
	GlobalSection(SolutionProperties) = preSolution
		HideSolutionNode = FALSE
	EndGlobalSection
	GlobalSection(ExtensibilityGlobals) = postSolution
		SolutionGuid = {97F4E4BA-2998-4061-83BD-8895FCCAF5A7}
	EndGlobalSection
EndGlobal
